
Microsoft Visual Studio Solution File, Format Version 12.00
# Visual Studio Version 16
VisualStudioVersion = 16.0.31321.278
MinimumVisualStudioVersion = 10.0.40219.1
Project("{9A19103F-16F7-4668-BE54-9A1E7A4F7556}") = "ppimgdiff", "slideimgdiff\ppimgdiff.csproj", "{0D797B94-0337-4F7E-A6AF-05B06241BCE2}"
EndProject
Project("{FAE04EC0-301F-11D3-BF4B-00C04F79EFBC}") = "libppexport", "pptimgexport\libppexport.csproj", "{1C0CAA68-F1CA-4751-B842-2472164E64C6}"
EndProject
Global
	GlobalSection(SolutionConfigurationPlatforms) = preSolution
		Debug|Any CPU = Debug|Any CPU
		Release|Any CPU = Release|Any CPU
	EndGlobalSection
	GlobalSection(ProjectConfigurationPlatforms) = postSolution
		{0D797B94-0337-4F7E-A6AF-05B06241BCE2}.Debug|Any CPU.ActiveCfg = Debug|Any CPU
		{0D797B94-0337-4F7E-A6AF-05B06241BCE2}.Debug|Any CPU.Build.0 = Debug|Any CPU
		{0D797B94-0337-4F7E-A6AF-05B06241BCE2}.Release|Any CPU.ActiveCfg = Release|Any CPU
		{0D797B94-0337-4F7E-A6AF-05B06241BCE2}.Release|Any CPU.Build.0 = Release|Any CPU
		{1C0CAA68-F1CA-4751-B842-2472164E64C6}.Debug|Any CPU.ActiveCfg = Debug|Any CPU
		{1C0CAA68-F1CA-4751-B842-2472164E64C6}.Debug|Any CPU.Build.0 = Debug|Any CPU
		{1C0CAA68-F1CA-4751-B842-2472164E64C6}.Release|Any CPU.ActiveCfg = Release|Any CPU
		{1C0CAA68-F1CA-4751-B842-2472164E64C6}.Release|Any CPU.Build.0 = Release|Any CPU
	EndGlobalSection
	GlobalSection(SolutionProperties) = preSolution
		HideSolutionNode = FALSE
	EndGlobalSection
	GlobalSection(ExtensibilityGlobals) = postSolution
		SolutionGuid = {E6E6343A-0E38-42B8-9C6D-87703AABF2F0}
	EndGlobalSection
EndGlobal
